
Microsoft Visual Studio Solution File, Format Version 12.00
# Visual Studio 15
VisualStudioVersion = 15.0.26730.16
MinimumVisualStudioVersion = 10.0.40219.1
Project("{FAE04EC0-301F-11D3-BF4B-00C04F79EFBC}") = "PdfMerger.Tests", "PdfMerger.Tests\PdfMerger.Tests.csproj", "{0C4D5E46-F0E9-4023-9192-5437379954E5}"
EndProject
Project("{FAE04EC0-301F-11D3-BF4B-00C04F79EFBC}") = "PdfMerger.Logic", "PdfMerger.Logic\PdfMerger.Logic.csproj", "{3C9EFF6F-8B47-4E6D-AC7B-900582D413D6}"
EndProject
Project("{FAE04EC0-301F-11D3-BF4B-00C04F79EFBC}") = "PdfMerger.Console", "PdfMerger.Console\PdfMerger.Console.csproj", "{1B9DC35D-0762-4AB7-92D2-9FADEAB13C4F}"
EndProject
Global
	GlobalSection(SolutionConfigurationPlatforms) = preSolution
		Debug|Any CPU = Debug|Any CPU
		Release|Any CPU = Release|Any CPU
	EndGlobalSection
	GlobalSection(ProjectConfigurationPlatforms) = postSolution
		{0C4D5E46-F0E9-4023-9192-5437379954E5}.Debug|Any CPU.ActiveCfg = Debug|Any CPU
		{0C4D5E46-F0E9-4023-9192-5437379954E5}.Debug|Any CPU.Build.0 = Debug|Any CPU
		{0C4D5E46-F0E9-4023-9192-5437379954E5}.Release|Any CPU.ActiveCfg = Release|Any CPU
		{0C4D5E46-F0E9-4023-9192-5437379954E5}.Release|Any CPU.Build.0 = Release|Any CPU
		{3C9EFF6F-8B47-4E6D-AC7B-900582D413D6}.Debug|Any CPU.ActiveCfg = Debug|Any CPU
		{3C9EFF6F-8B47-4E6D-AC7B-900582D413D6}.Debug|Any CPU.Build.0 = Debug|Any CPU
		{3C9EFF6F-8B47-4E6D-AC7B-900582D413D6}.Release|Any CPU.ActiveCfg = Release|Any CPU
		{3C9EFF6F-8B47-4E6D-AC7B-900582D413D6}.Release|Any CPU.Build.0 = Release|Any CPU
		{1B9DC35D-0762-4AB7-92D2-9FADEAB13C4F}.Debug|Any CPU.ActiveCfg = Debug|Any CPU
		{1B9DC35D-0762-4AB7-92D2-9FADEAB13C4F}.Debug|Any CPU.Build.0 = Debug|Any CPU
		{1B9DC35D-0762-4AB7-92D2-9FADEAB13C4F}.Release|Any CPU.ActiveCfg = Release|Any CPU
		{1B9DC35D-0762-4AB7-92D2-9FADEAB13C4F}.Release|Any CPU.Build.0 = Release|Any CPU
	EndGlobalSection
	GlobalSection(SolutionProperties) = preSolution
		HideSolutionNode = FALSE
	EndGlobalSection
	GlobalSection(ExtensibilityGlobals) = postSolution
		SolutionGuid = {E7C519FF-8CB7-4C08-8E59-3C85BAF90867}
	EndGlobalSection
EndGlobal
